
Microsoft Visual Studio Solution File, Format Version 12.00
# Visual Studio 15
VisualStudioVersion = 15.0.26730.16
MinimumVisualStudioVersion = 10.0.40219.1
Project("{9A19103F-16F7-4668-BE54-9A1E7A4F7556}") = "LibRedStandard", "LibRedStandard\LibRedStandard.csproj", "{DA263F19-E36F-496D-AB61-46AAAE860575}"
EndProject
Project("{FAE04EC0-301F-11D3-BF4B-00C04F79EFBC}") = "Test", "Test\Test.csproj", "{6D90E0CC-BEAC-4D53-80C4-A80349DA7A79}"
EndProject
Global
	GlobalSection(SolutionConfigurationPlatforms) = preSolution
		Debug|Any CPU = Debug|Any CPU
		Release|Any CPU = Release|Any CPU
	EndGlobalSection
	GlobalSection(ProjectConfigurationPlatforms) = postSolution
		{DA263F19-E36F-496D-AB61-46AAAE860575}.Debug|Any CPU.ActiveCfg = Debug|Any CPU
		{DA263F19-E36F-496D-AB61-46AAAE860575}.Debug|Any CPU.Build.0 = Debug|Any CPU
		{DA263F19-E36F-496D-AB61-46AAAE860575}.Release|Any CPU.ActiveCfg = Release|Any CPU
		{DA263F19-E36F-496D-AB61-46AAAE860575}.Release|Any CPU.Build.0 = Release|Any CPU
		{6D90E0CC-BEAC-4D53-80C4-A80349DA7A79}.Debug|Any CPU.ActiveCfg = Debug|Any CPU
		{6D90E0CC-BEAC-4D53-80C4-A80349DA7A79}.Debug|Any CPU.Build.0 = Debug|Any CPU
		{6D90E0CC-BEAC-4D53-80C4-A80349DA7A79}.Release|Any CPU.ActiveCfg = Release|Any CPU
		{6D90E0CC-BEAC-4D53-80C4-A80349DA7A79}.Release|Any CPU.Build.0 = Release|Any CPU
	EndGlobalSection
	GlobalSection(SolutionProperties) = preSolution
		HideSolutionNode = FALSE
	EndGlobalSection
	GlobalSection(ExtensibilityGlobals) = postSolution
		SolutionGuid = {1E4CD09A-482E-4430-A105-BC0279FF463C}
	EndGlobalSection
EndGlobal
